// !$*UTF8*$!
{
	archiveVersion = 1;
	classes = {
	};
	objectVersion = 48;
	objects = {

/* Begin PBXBuildFile section */
		BA57F0C71F6AC85F0026A20A /* AppDelegate.swift in Sources */ = {isa = PBXBuildFile; fileRef = BA57F0C61F6AC85F0026A20A /* AppDelegate.swift */; };
		BA57F0C91F6AC85F0026A20A /* ViewController.swift in Sources */ = {isa = PBXBuildFile; fileRef = BA57F0C81F6AC85F0026A20A /* ViewController.swift */; };
		BA57F0CC1F6AC85F0026A20A /* Main.storyboard in Resources */ = {isa = PBXBuildFile; fileRef = BA57F0CA1F6AC85F0026A20A /* Main.storyboard */; };
		BA57F0CE1F6AC85F0026A20A /* Assets.xcassets in Resources */ = {isa = PBXBuildFile; fileRef = BA57F0CD1F6AC85F0026A20A /* Assets.xcassets */; };
		BA57F0D11F6AC85F0026A20A /* LaunchScreen.storyboard in Resources */ = {isa = PBXBuildFile; fileRef = BA57F0CF1F6AC85F0026A20A /* LaunchScreen.storyboard */; };
/* End PBXBuildFile section */

/* Begin PBXFileReference section */
		BA57F0C31F6AC85F0026A20A /* TeslaTradeIn.app */ = {isa = PBXFileReference; explicitFileType = wrapper.application; includeInIndex = 0; path = TeslaTradeIn.app; sourceTree = BUILT_PRODUCTS_DIR; };
		BA57F0C61F6AC85F0026A20A /* AppDelegate.swift */ = {isa = PBXFileReference; lastKnownFileType = sourcecode.swift; path = AppDelegate.swift; sourceTree = "<group>"; };
		BA57F0C81F6AC85F0026A20A /* ViewController.swift */ = {isa = PBXFileReference; lastKnownFileType = sourcecode.swift; path = ViewController.swift; sourceTree = "<group>"; };
		BA57F0CB1F6AC85F0026A20A /* Base */ = {isa = PBXFileReference; lastKnownFileType = file.storyboard; name = Base; path = Base.lproj/Main.storyboard; sourceTree = "<group>"; };
		BA57F0CD1F6AC85F0026A20A /* Assets.xcassets */ = {isa = PBXFileReference; lastKnownFileType = folder.assetcatalog; path = Assets.xcassets; sourceTree = "<group>"; };
		BA57F0D01F6AC85F0026A20A /* Base */ = {isa = PBXFileReference; lastKnownFileType = file.storyboard; name = Base; path = Base.lproj/LaunchScreen.storyboard; sourceTree = "<group>"; };
		BA57F0D21F6AC85F0026A20A /* Info.plist */ = {isa = PBXFileReference; lastKnownFileType = text.plist.xml; path = Info.plist; sourceTree = "<group>"; };
/* End PBXFileReference section */

/* Begin PBXFrameworksBuildPhase section */
		BA57F0C01F6AC85F0026A20A /* Frameworks */ = {
			isa = PBXFrameworksBuildPhase;
			buildActionMask = 2147483647;
			files = (
			);
			runOnlyForDeploymentPostprocessing = 0;
		};
/* End PBXFrameworksBuildPhase section */

/* Begin PBXGroup section */
		BA57F0BA1F6AC85F0026A20A = {
			isa = PBXGroup;
			children = (
				BA57F0C51F6AC85F0026A20A /* TeslaTradeIn */,
				BA57F0C41F6AC85F0026A20A /* Products */,
			);
			sourceTree = "<group>";
		};
		BA57F0C41F6AC85F0026A20A /* Products */ = {
			isa = PBXGroup;
			children = (
				BA57F0C31F6AC85F0026A20A /* TeslaTradeIn.app */,
			);
			name = Products;
			sourceTree = "<group>";
		};
		BA57F0C51F6AC85F0026A20A /* TeslaTradeIn */ = {
			isa = PBXGroup;
			children = (
				BA57F0C61F6AC85F0026A20A /* AppDelegate.swift */,
				BA57F0C81F6AC85F0026A20A /* ViewController.swift */,
				BA57F0CA1F6AC85F0026A20A /* Main.storyboard */,
				BA57F0CD1F6AC85F0026A20A /* Assets.xcassets */,
				BA57F0CF1F6AC85F0026A20A /* LaunchScreen.storyboard */,
				BA57F0D21F6AC85F0026A20A /* Info.plist */,
			);
			path = TeslaTradeIn;
			sourceTree = "<group>";
		};
/* End PBXGroup section */

/* Begin PBXNativeTarget section */
		BA57F0C21F6AC85F0026A20A /* TeslaTradeIn */ = {
			isa = PBXNativeTarget;
			buildConfigurationList = BA57F0D51F6AC85F0026A20A /* Build configuration list for PBXNativeTarget "TeslaTradeIn" */;
			buildPhases = (
				BA57F0BF1F6AC85F0026A20A /* Sources */,
				BA57F0C01F6AC85F0026A20A /* Frameworks */,
				BA57F0C11F6AC85F0026A20A /* Resources */,
			);
			buildRules = (
			);
			dependencies = (
			);
			name = TeslaTradeIn;
			productName = TeslaTradeIn;
			productReference = BA57F0C31F6AC85F0026A20A /* TeslaTradeIn.app */;
			productType = "com.apple.product-type.application";
		};
/* End PBXNativeTarget section */

/* Begin PBXProject section */
		BA57F0BB1F6AC85F0026A20A /* Project object */ = {
			isa = PBXProject;
			attributes = {
				LastSwiftUpdateCheck = 0900;
				LastUpgradeCheck = 0900;
				ORGANIZATIONNAME = "Polestar Interactive LLC";
				TargetAttributes = {
					BA57F0C21F6AC85F0026A20A = {
						CreatedOnToolsVersion = 9.0;
						ProvisioningStyle = Automatic;
					};
				};
			};
			buildConfigurationList = BA57F0BE1F6AC85F0026A20A /* Build configuration list for PBXProject "TeslaTradeIn" */;
			compatibilityVersion = "Xcode 8.0";
			developmentRegion = en;
			hasScannedForEncodings = 0;
			knownRegions = (
				en,
				Base,
			);
			mainGroup = BA57F0BA1F6AC85F0026A20A;
			productRefGroup = BA57F0C41F6AC85F0026A20A /* Products */;
			projectDirPath = "";
			projectRoot = "";
			targets = (
				BA57F0C21F6AC85F0026A20A /* TeslaTradeIn */,
			);
		};
/* End PBXProject section */

/* Begin PBXResourcesBuildPhase section */
		BA57F0C11F6AC85F0026A20A /* Resources */ = {
			isa = PBXResourcesBuildPhase;
			buildActionMask = 2147483647;
			files = (
				BA57F0D11F6AC85F0026A20A /* LaunchScreen.storyboard in Resources */,
				BA57F0CE1F6AC85F0026A20A /* Assets.xcassets in Resources */,
				BA57F0CC1F6AC85F0026A20A /* Main.storyboard in Resources */,
			);
			runOnlyForDeploymentPostprocessing = 0;
		};
/* End PBXResourcesBuildPhase section */

/* Begin PBXSourcesBuildPhase section */
		BA57F0BF1F6AC85F0026A20A /* Sources */ = {
			isa = PBXSourcesBuildPhase;
			buildActionMask = 2147483647;
			files = (
				BA57F0C91F6AC85F0026A20A /* ViewController.swift in Sources */,
				BA57F0C71F6AC85F0026A20A /* AppDelegate.swift in Sources */,
			);
			runOnlyForDeploymentPostprocessing = 0;
		};
/* End PBXSourcesBuildPhase section */

/* Begin PBXVariantGroup section */
		BA57F0CA1F6AC85F0026A20A /* Main.storyboard */ = {
			isa = PBXVariantGroup;
			children = (
				BA57F0CB1F6AC85F0026A20A /* Base */,
			);
			name = Main.storyboard;
			sourceTree = "<group>";
		};
		BA57F0CF1F6AC85F0026A20A /* LaunchScreen.storyboard */ = {
			isa = PBXVariantGroup;
			children = (
				BA57F0D01F6AC85F0026A20A /* Base */,
			);
			name = LaunchScreen.storyboard;
			sourceTree = "<group>";
		};
/* End PBXVariantGroup section */

/* Begin XCBuildConfiguration section */
		BA57F0D31F6AC85F0026A20A /* Debug */ = {
			isa = XCBuildConfiguration;
			buildSettings = {
				ALWAYS_SEARCH_USER_PATHS = NO;
				CLANG_ANALYZER_NONNULL = YES;
				CLANG_ANALYZER_NUMBER_OBJECT_CONVERSION = YES_AGGRESSIVE;
				CLANG_CXX_LANGUAGE_STANDARD = "gnu++14";
				CLANG_CXX_LIBRARY = "libc++";
				CLANG_ENABLE_MODULES = YES;
				CLANG_ENABLE_OBJC_ARC = YES;
				CLANG_WARN_BLOCK_CAPTURE_AUTORELEASING = YES;
				CLANG_WARN_BOOL_CONVERSION = YES;
				CLANG_WARN_COMMA = YES;
				CLANG_WARN_CONSTANT_CONVERSION = YES;
				CLANG_WARN_DIRECT_OBJC_ISA_USAGE = YES_ERROR;
				CLANG_WARN_DOCUMENTATION_COMMENTS = YES;
				CLANG_WARN_EMPTY_BODY = YES;
				CLANG_WARN_ENUM_CONVERSION = YES;
				CLANG_WARN_INFINITE_RECURSION = YES;
				CLANG_WARN_INT_CONVERSION = YES;
				CLANG_WARN_NON_LITERAL_NULL_CONVERSION = YES;
				CLANG_WARN_OBJC_LITERAL_CONVERSION = YES;
				CLANG_WARN_OBJC_ROOT_CLASS = YES_ERROR;
				CLANG_WARN_RANGE_LOOP_ANALYSIS = YES;
				CLANG_WARN_STRICT_PROTOTYPES = YES;
				CLANG_WARN_SUSPICIOUS_MOVE = YES;
				CLANG_WARN_UNGUARDED_AVAILABILITY = YES_AGGRESSIVE;
				CLANG_WARN_UNREACHABLE_CODE = YES;
				CLANG_WARN__DUPLICATE_METHOD_MATCH = YES;
				CODE_SIGN_IDENTITY = "iPhone Developer";
				COPY_PHASE_STRIP = NO;
				DEBUG_INFORMATION_FORMAT = dwarf;
				ENABLE_STRICT_OBJC_MSGSEND = YES;
				ENABLE_TESTABILITY = YES;
				GCC_C_LANGUAGE_STANDARD = gnu11;
				GCC_DYNAMIC_NO_PIC = NO;
				GCC_NO_COMMON_BLOCKS = YES;
				GCC_OPTIMIZATION_LEVEL = 0;
				GCC_PREPROCESSOR_DEFINITIONS = (
					"DEBUG=1",
					"$(inherited)",
				);
				GCC_WARN_64_TO_32_BIT_CONVERSION = YES;
				GCC_WARN_ABOUT_RETURN_TYPE = YES_ERROR;
				GCC_WARN_UNDECLARED_SELECTOR = YES;
				GCC_WARN_UNINITIALIZED_AUTOS = YES_AGGRESSIVE;
				GCC_WARN_UNUSED_FUNCTION = YES;
				GCC_WARN_UNUSED_VARIABLE = YES;
				IPHONEOS_DEPLOYMENT_TARGET = 11.0;
				MTL_ENABLE_DEBUG_INFO = YES;
				ONLY_ACTIVE_ARCH = YES;
				SDKROOT = iphoneos;
				SWIFT_ACTIVE_COMPILATION_CONDITIONS = DEBUG;
				SWIFT_OPTIMIZATION_LEVEL = "-Onone";
			};
			name = Debug;
		};
		BA57F0D41F6AC85F0026A20A /* Release */ = {
			isa = XCBuildConfiguration;
			buildSettings = {
				ALWAYS_SEARCH_USER_PATHS = NO;
				CLANG_ANALYZER_NONNULL = YES;
				CLANG_ANALYZER_NUMBER_OBJECT_CONVERSION = YES_AGGRESSIVE;
				CLANG_CXX_LANGUAGE_STANDARD = "gnu++14";
				CLANG_CXX_LIBRARY = "libc++";
				CLANG_ENABLE_MODULES = YES;
				CLANG_ENABLE_OBJC_ARC = YES;
				CLANG_WARN_BLOCK_CAPTURE_AUTORELEASING = YES;
				CLANG_WARN_BOOL_CONVERSION = YES;
				CLANG_WARN_COMMA = YES;
				CLANG_WARN_CONSTANT_CONVERSION = YES;
				CLANG_WARN_DIRECT_OBJC_ISA_USAGE = YES_ERROR;
				CLANG_WARN_DOCUMENTATION_COMMENTS = YES;
				CLANG_WARN_EMPTY_BODY = YES;
				CLANG_WARN_ENUM_CONVERSION = YES;
				CLANG_WARN_INFINITE_RECURSION = YES;
				CLANG_WARN_INT_CONVERSION = YES;
				CLANG_WARN_NON_LITERAL_NULL_CONVERSION = YES;
				CLANG_WARN_OBJC_LITERAL_CONVERSION = YES;
				CLANG_WARN_OBJC_ROOT_CLASS = YES_ERROR;
				CLANG_WARN_RANGE_LOOP_ANALYSIS = YES;
				CLANG_WARN_STRICT_PROTOTYPES = YES;
				CLANG_WARN_SUSPICIOUS_MOVE = YES;
				CLANG_WARN_UNGUARDED_AVAILABILITY = YES_AGGRESSIVE;
				CLANG_WARN_UNREACHABLE_CODE = YES;
				CLANG_WARN__DUPLICATE_METHOD_MATCH = YES;
				CODE_SIGN_IDENTITY = "iPhone Developer";
				COPY_PHASE_STRIP = NO;
				DEBUG_INFORMATION_FORMAT = "dwarf-with-dsym";
				ENABLE_NS_ASSERTIONS = NO;
				ENABLE_STRICT_OBJC_MSGSEND = YES;
				GCC_C_LANGUAGE_STANDARD = gnu11;
				GCC_NO_COMMON_BLOCKS = YES;
				GCC_WARN_64_TO_32_BIT_CONVERSION = YES;
				GCC_WARN_ABOUT_RETURN_TYPE = YES_ERROR;
				GCC_WARN_UNDECLARED_SELECTOR = YES;
				GCC_WARN_UNINITIALIZED_AUTOS = YES_AGGRESSIVE;
				GCC_WARN_UNUSED_FUNCTION = YES;
				GCC_WARN_UNUSED_VARIABLE = YES;
				IPHONEOS_DEPLOYMENT_TARGET = 11.0;
				MTL_ENABLE_DEBUG_INFO = NO;
				SDKROOT = iphoneos;
				SWIFT_OPTIMIZATION_LEVEL = "-Owholemodule";
				VALIDATE_PRODUCT = YES;
			};
			name = Release;
		};
		BA57F0D61F6AC85F0026A20A /* Debug */ = {
			isa = XCBuildConfiguration;
			buildSettings = {
				ASSETCATALOG_COMPILER_APPICON_NAME = AppIcon;
				CODE_SIGN_STYLE = Automatic;
				DEVELOPMENT_TEAM = BR4H78C3XC;
				INFOPLIST_FILE = TeslaTradeIn/Info.plist;
				LD_RUNPATH_SEARCH_PATHS = "$(inherited) @executable_path/Frameworks";
				PRODUCT_BUNDLE_IDENTIFIER = com.patrickBellot.TeslaTradeIn;
				PRODUCT_NAME = "$(TARGET_NAME)";
				SWIFT_VERSION = 4.0;
				TARGETED_DEVICE_FAMILY = "1,2";
			};
			name = Debug;
		};
		BA57F0D71F6AC85F0026A20A /* Release */ = {
			isa = XCBuildConfiguration;
			buildSettings = {
				ASSETCATALOG_COMPILER_APPICON_NAME = AppIcon;
				CODE_SIGN_STYLE = Automatic;
				DEVELOPMENT_TEAM = BR4H78C3XC;
				INFOPLIST_FILE = TeslaTradeIn/Info.plist;
				LD_RUNPATH_SEARCH_PATHS = "$(inherited) @executable_path/Frameworks";
				PRODUCT_BUNDLE_IDENTIFIER = com.patrickBellot.TeslaTradeIn;
				PRODUCT_NAME = "$(TARGET_NAME)";
				SWIFT_VERSION = 4.0;
				TARGETED_DEVICE_FAMILY = "1,2";
			};
			name = Release;
		};
/* End XCBuildConfiguration section */

/* Begin XCConfigurationList section */
		BA57F0BE1F6AC85F0026A20A /* Build configuration list for PBXProject "TeslaTradeIn" */ = {
			isa = XCConfigurationList;
			buildConfigurations = (
				BA57F0D31F6AC85F0026A20A /* Debug */,
				BA57F0D41F6AC85F0026A20A /* Release */,
			);
			defaultConfigurationIsVisible = 0;
			defaultConfigurationName = Release;
		};
		BA57F0D51F6AC85F0026A20A /* Build configuration list for PBXNativeTarget "TeslaTradeIn" */ = {
			isa = XCConfigurationList;
			buildConfigurations = (
				BA57F0D61F6AC85F0026A20A /* Debug */,
				BA57F0D71F6AC85F0026A20A /* Release */,
			);
			defaultConfigurationIsVisible = 0;
			defaultConfigurationName = Release;
		};
/* End XCConfigurationList section */
	};
	rootObject = BA57F0BB1F6AC85F0026A20A /* Project object */;
}
